
Microsoft Visual Studio Solution File, Format Version 12.00
# Visual Studio 15
VisualStudioVersion = 15.0.28307.539
MinimumVisualStudioVersion = 10.0.40219.1
Project("{9A19103F-16F7-4668-BE54-9A1E7A4F7556}") = "SignalrTest.Server", "SignalrTest.Server\SignalrTest.Server.csproj", "{92455B53-A74B-4472-B929-5A9F251230E9}"
EndProject
Project("{FAE04EC0-301F-11D3-BF4B-00C04F79EFBC}") = "SignalrTest.Client.Android", "SignalrTest.Client\SignalrTest.Client.Android\SignalrTest.Client.Android.csproj", "{001E0A02-6856-4169-BC06-75BE790959B6}"
EndProject
Project("{FAE04EC0-301F-11D3-BF4B-00C04F79EFBC}") = "SignalrTest.Client", "SignalrTest.Client\SignalrTest.Client\SignalrTest.Client.csproj", "{D1C7EF66-BEFA-4049-844D-E53966299907}"
EndProject
Project("{FAE04EC0-301F-11D3-BF4B-00C04F79EFBC}") = "SignalrTest.Common", "SignalrTest.Common\SignalrTest.Common.csproj", "{211D6DFC-F4EC-443A-9B38-2C8898F2B53C}"
EndProject
Global
	GlobalSection(SolutionConfigurationPlatforms) = preSolution
		Debug|Any CPU = Debug|Any CPU
		Release|Any CPU = Release|Any CPU
	EndGlobalSection
	GlobalSection(ProjectConfigurationPlatforms) = postSolution
		{92455B53-A74B-4472-B929-5A9F251230E9}.Debug|Any CPU.ActiveCfg = Debug|Any CPU
		{92455B53-A74B-4472-B929-5A9F251230E9}.Debug|Any CPU.Build.0 = Debug|Any CPU
		{92455B53-A74B-4472-B929-5A9F251230E9}.Release|Any CPU.ActiveCfg = Release|Any CPU
		{92455B53-A74B-4472-B929-5A9F251230E9}.Release|Any CPU.Build.0 = Release|Any CPU
		{001E0A02-6856-4169-BC06-75BE790959B6}.Debug|Any CPU.ActiveCfg = Debug|Any CPU
		{001E0A02-6856-4169-BC06-75BE790959B6}.Debug|Any CPU.Build.0 = Debug|Any CPU
		{001E0A02-6856-4169-BC06-75BE790959B6}.Debug|Any CPU.Deploy.0 = Debug|Any CPU
		{001E0A02-6856-4169-BC06-75BE790959B6}.Release|Any CPU.ActiveCfg = Release|Any CPU
		{001E0A02-6856-4169-BC06-75BE790959B6}.Release|Any CPU.Build.0 = Release|Any CPU
		{001E0A02-6856-4169-BC06-75BE790959B6}.Release|Any CPU.Deploy.0 = Release|Any CPU
		{D1C7EF66-BEFA-4049-844D-E53966299907}.Debug|Any CPU.ActiveCfg = Debug|Any CPU
		{D1C7EF66-BEFA-4049-844D-E53966299907}.Debug|Any CPU.Build.0 = Debug|Any CPU
		{D1C7EF66-BEFA-4049-844D-E53966299907}.Release|Any CPU.ActiveCfg = Release|Any CPU
		{D1C7EF66-BEFA-4049-844D-E53966299907}.Release|Any CPU.Build.0 = Release|Any CPU
		{211D6DFC-F4EC-443A-9B38-2C8898F2B53C}.Debug|Any CPU.ActiveCfg = Debug|Any CPU
		{211D6DFC-F4EC-443A-9B38-2C8898F2B53C}.Debug|Any CPU.Build.0 = Debug|Any CPU
		{211D6DFC-F4EC-443A-9B38-2C8898F2B53C}.Release|Any CPU.ActiveCfg = Release|Any CPU
		{211D6DFC-F4EC-443A-9B38-2C8898F2B53C}.Release|Any CPU.Build.0 = Release|Any CPU
	EndGlobalSection
	GlobalSection(SolutionProperties) = preSolution
		HideSolutionNode = FALSE
	EndGlobalSection
	GlobalSection(ExtensibilityGlobals) = postSolution
		SolutionGuid = {BD89B3AB-3D90-443C-A836-AA97585E98A9}
	EndGlobalSection
EndGlobal
