
Microsoft Visual Studio Solution File, Format Version 12.00
# Visual Studio 15
VisualStudioVersion = 15.0.28307.438
MinimumVisualStudioVersion = 10.0.40219.1
Project("{9A19103F-16F7-4668-BE54-9A1E7A4F7556}") = "SignalrTest.TestClient", "SignalrTest.TestClient\SignalrTest.TestClient.csproj", "{22E67246-DA5A-4BFA-B858-35063FF3F3CE}"
EndProject
Project("{9A19103F-16F7-4668-BE54-9A1E7A4F7556}") = "SignalrTest.Common", "SignalrTest.Common\SignalrTest.Common.csproj", "{ADE3628E-756C-4752-A857-FF764FED62E1}"
EndProject
Global
	GlobalSection(SolutionConfigurationPlatforms) = preSolution
		Debug|Any CPU = Debug|Any CPU
		Release|Any CPU = Release|Any CPU
	EndGlobalSection
	GlobalSection(ProjectConfigurationPlatforms) = postSolution
		{22E67246-DA5A-4BFA-B858-35063FF3F3CE}.Debug|Any CPU.ActiveCfg = Debug|Any CPU
		{22E67246-DA5A-4BFA-B858-35063FF3F3CE}.Debug|Any CPU.Build.0 = Debug|Any CPU
		{22E67246-DA5A-4BFA-B858-35063FF3F3CE}.Release|Any CPU.ActiveCfg = Release|Any CPU
		{22E67246-DA5A-4BFA-B858-35063FF3F3CE}.Release|Any CPU.Build.0 = Release|Any CPU
		{ADE3628E-756C-4752-A857-FF764FED62E1}.Debug|Any CPU.ActiveCfg = Debug|Any CPU
		{ADE3628E-756C-4752-A857-FF764FED62E1}.Debug|Any CPU.Build.0 = Debug|Any CPU
		{ADE3628E-756C-4752-A857-FF764FED62E1}.Release|Any CPU.ActiveCfg = Release|Any CPU
		{ADE3628E-756C-4752-A857-FF764FED62E1}.Release|Any CPU.Build.0 = Release|Any CPU
	EndGlobalSection
	GlobalSection(SolutionProperties) = preSolution
		HideSolutionNode = FALSE
	EndGlobalSection
	GlobalSection(ExtensibilityGlobals) = postSolution
		SolutionGuid = {39B671B3-3355-429B-9C5A-CF650EE8FA37}
	EndGlobalSection
EndGlobal
